// !$*UTF8*$!
{
	archiveVersion = 1;
	classes = {
	};
	objectVersion = 46;
	objects = {

/* Begin PBXBuildFile section */
		DC88BE231DEC2FCF0087D18E /* AppDelegate.swift in Sources */ = {isa = PBXBuildFile; fileRef = DC88BE221DEC2FCF0087D18E /* AppDelegate.swift */; };
		DC88BE251DEC2FCF0087D18E /* ViewController.swift in Sources */ = {isa = PBXBuildFile; fileRef = DC88BE241DEC2FCF0087D18E /* ViewController.swift */; };
		DC88BE281DEC2FCF0087D18E /* Main.storyboard in Resources */ = {isa = PBXBuildFile; fileRef = DC88BE261DEC2FCF0087D18E /* Main.storyboard */; };
		DC88BE2A1DEC2FCF0087D18E /* Assets.xcassets in Resources */ = {isa = PBXBuildFile; fileRef = DC88BE291DEC2FCF0087D18E /* Assets.xcassets */; };
		DC88BE2D1DEC2FCF0087D18E /* LaunchScreen.storyboard in Resources */ = {isa = PBXBuildFile; fileRef = DC88BE2B1DEC2FCF0087D18E /* LaunchScreen.storyboard */; };
		DC88BE351DEC30620087D18E /* ball.png in Resources */ = {isa = PBXBuildFile; fileRef = DC88BE341DEC30620087D18E /* ball.png */; };
/* End PBXBuildFile section */

/* Begin PBXFileReference section */
		DC88BE1F1DEC2FCF0087D18E /* Ball_Animed.app */ = {isa = PBXFileReference; explicitFileType = wrapper.application; includeInIndex = 0; path = Ball_Animed.app; sourceTree = BUILT_PRODUCTS_DIR; };
		DC88BE221DEC2FCF0087D18E /* AppDelegate.swift */ = {isa = PBXFileReference; lastKnownFileType = sourcecode.swift; path = AppDelegate.swift; sourceTree = "<group>"; };
		DC88BE241DEC2FCF0087D18E /* ViewController.swift */ = {isa = PBXFileReference; lastKnownFileType = sourcecode.swift; path = ViewController.swift; sourceTree = "<group>"; };
		DC88BE271DEC2FCF0087D18E /* Base */ = {isa = PBXFileReference; lastKnownFileType = file.storyboard; name = Base; path = Base.lproj/Main.storyboard; sourceTree = "<group>"; };
		DC88BE291DEC2FCF0087D18E /* Assets.xcassets */ = {isa = PBXFileReference; lastKnownFileType = folder.assetcatalog; path = Assets.xcassets; sourceTree = "<group>"; };
		DC88BE2C1DEC2FCF0087D18E /* Base */ = {isa = PBXFileReference; lastKnownFileType = file.storyboard; name = Base; path = Base.lproj/LaunchScreen.storyboard; sourceTree = "<group>"; };
		DC88BE2E1DEC2FCF0087D18E /* Info.plist */ = {isa = PBXFileReference; lastKnownFileType = text.plist.xml; path = Info.plist; sourceTree = "<group>"; };
		DC88BE341DEC30620087D18E /* ball.png */ = {isa = PBXFileReference; lastKnownFileType = image.png; path = ball.png; sourceTree = "<group>"; };
/* End PBXFileReference section */

/* Begin PBXFrameworksBuildPhase section */
		DC88BE1C1DEC2FCF0087D18E /* Frameworks */ = {
			isa = PBXFrameworksBuildPhase;
			buildActionMask = 2147483647;
			files = (
			);
			runOnlyForDeploymentPostprocessing = 0;
		};
/* End PBXFrameworksBuildPhase section */

/* Begin PBXGroup section */
		DC88BE161DEC2FCF0087D18E = {
			isa = PBXGroup;
			children = (
				DC88BE211DEC2FCF0087D18E /* Ball_Animed */,
				DC88BE201DEC2FCF0087D18E /* Products */,
			);
			sourceTree = "<group>";
		};
		DC88BE201DEC2FCF0087D18E /* Products */ = {
			isa = PBXGroup;
			children = (
				DC88BE1F1DEC2FCF0087D18E /* Ball_Animed.app */,
			);
			name = Products;
			sourceTree = "<group>";
		};
		DC88BE211DEC2FCF0087D18E /* Ball_Animed */ = {
			isa = PBXGroup;
			children = (
				DC88BE221DEC2FCF0087D18E /* AppDelegate.swift */,
				DC88BE241DEC2FCF0087D18E /* ViewController.swift */,
				DC88BE261DEC2FCF0087D18E /* Main.storyboard */,
				DC88BE291DEC2FCF0087D18E /* Assets.xcassets */,
				DC88BE2B1DEC2FCF0087D18E /* LaunchScreen.storyboard */,
				DC88BE2E1DEC2FCF0087D18E /* Info.plist */,
				DC88BE341DEC30620087D18E /* ball.png */,
			);
			path = Ball_Animed;
			sourceTree = "<group>";
		};
/* End PBXGroup section */

/* Begin PBXNativeTarget section */
		DC88BE1E1DEC2FCF0087D18E /* Ball_Animed */ = {
			isa = PBXNativeTarget;
			buildConfigurationList = DC88BE311DEC2FCF0087D18E /* Build configuration list for PBXNativeTarget "Ball_Animed" */;
			buildPhases = (
				DC88BE1B1DEC2FCF0087D18E /* Sources */,
				DC88BE1C1DEC2FCF0087D18E /* Frameworks */,
				DC88BE1D1DEC2FCF0087D18E /* Resources */,
			);
			buildRules = (
			);
			dependencies = (
			);
			name = Ball_Animed;
			productName = Ball_Animed;
			productReference = DC88BE1F1DEC2FCF0087D18E /* Ball_Animed.app */;
			productType = "com.apple.product-type.application";
		};
/* End PBXNativeTarget section */

/* Begin PBXProject section */
		DC88BE171DEC2FCF0087D18E /* Project object */ = {
			isa = PBXProject;
			attributes = {
				LastSwiftUpdateCheck = 0810;
				LastUpgradeCheck = 0810;
				ORGANIZATIONNAME = doantuan;
				TargetAttributes = {
					DC88BE1E1DEC2FCF0087D18E = {
						CreatedOnToolsVersion = 8.1;
						DevelopmentTeam = 25ZS53YZR8;
						ProvisioningStyle = Automatic;
					};
				};
			};
			buildConfigurationList = DC88BE1A1DEC2FCF0087D18E /* Build configuration list for PBXProject "Ball_Animed" */;
			compatibilityVersion = "Xcode 3.2";
			developmentRegion = English;
			hasScannedForEncodings = 0;
			knownRegions = (
				en,
				Base,
			);
			mainGroup = DC88BE161DEC2FCF0087D18E;
			productRefGroup = DC88BE201DEC2FCF0087D18E /* Products */;
			projectDirPath = "";
			projectRoot = "";
			targets = (
				DC88BE1E1DEC2FCF0087D18E /* Ball_Animed */,
			);
		};
/* End PBXProject section */

/* Begin PBXResourcesBuildPhase section */
		DC88BE1D1DEC2FCF0087D18E /* Resources */ = {
			isa = PBXResourcesBuildPhase;
			buildActionMask = 2147483647;
			files = (
				DC88BE2D1DEC2FCF0087D18E /* LaunchScreen.storyboard in Resources */,
				DC88BE2A1DEC2FCF0087D18E /* Assets.xcassets in Resources */,
				DC88BE351DEC30620087D18E /* ball.png in Resources */,
				DC88BE281DEC2FCF0087D18E /* Main.storyboard in Resources */,
			);
			runOnlyForDeploymentPostprocessing = 0;
		};
/* End PBXResourcesBuildPhase section */

/* Begin PBXSourcesBuildPhase section */
		DC88BE1B1DEC2FCF0087D18E /* Sources */ = {
			isa = PBXSourcesBuildPhase;
			buildActionMask = 2147483647;
			files = (
				DC88BE251DEC2FCF0087D18E /* ViewController.swift in Sources */,
				DC88BE231DEC2FCF0087D18E /* AppDelegate.swift in Sources */,
			);
			runOnlyForDeploymentPostprocessing = 0;
		};
/* End PBXSourcesBuildPhase section */

/* Begin PBXVariantGroup section */
		DC88BE261DEC2FCF0087D18E /* Main.storyboard */ = {
			isa = PBXVariantGroup;
			children = (
				DC88BE271DEC2FCF0087D18E /* Base */,
			);
			name = Main.storyboard;
			sourceTree = "<group>";
		};
		DC88BE2B1DEC2FCF0087D18E /* LaunchScreen.storyboard */ = {
			isa = PBXVariantGroup;
			children = (
				DC88BE2C1DEC2FCF0087D18E /* Base */,
			);
			name = LaunchScreen.storyboard;
			sourceTree = "<group>";
		};
/* End PBXVariantGroup section */

/* Begin XCBuildConfiguration section */
		DC88BE2F1DEC2FCF0087D18E /* Debug */ = {
			isa = XCBuildConfiguration;
			buildSettings = {
				ALWAYS_SEARCH_USER_PATHS = NO;
				CLANG_ANALYZER_NONNULL = YES;
				CLANG_CXX_LANGUAGE_STANDARD = "gnu++0x";
				CLANG_CXX_LIBRARY = "libc++";
				CLANG_ENABLE_MODULES = YES;
				CLANG_ENABLE_OBJC_ARC = YES;
				CLANG_WARN_BOOL_CONVERSION = YES;
				CLANG_WARN_CONSTANT_CONVERSION = YES;
				CLANG_WARN_DIRECT_OBJC_ISA_USAGE = YES_ERROR;
				CLANG_WARN_DOCUMENTATION_COMMENTS = YES;
				CLANG_WARN_EMPTY_BODY = YES;
				CLANG_WARN_ENUM_CONVERSION = YES;
				CLANG_WARN_INFINITE_RECURSION = YES;
				CLANG_WARN_INT_CONVERSION = YES;
				CLANG_WARN_OBJC_ROOT_CLASS = YES_ERROR;
				CLANG_WARN_SUSPICIOUS_MOVES = YES;
				CLANG_WARN_UNREACHABLE_CODE = YES;
				CLANG_WARN__DUPLICATE_METHOD_MATCH = YES;
				"CODE_SIGN_IDENTITY[sdk=iphoneos*]" = "iPhone Developer";
				COPY_PHASE_STRIP = NO;
				DEBUG_INFORMATION_FORMAT = dwarf;
				ENABLE_STRICT_OBJC_MSGSEND = YES;
				ENABLE_TESTABILITY = YES;
				GCC_C_LANGUAGE_STANDARD = gnu99;
				GCC_DYNAMIC_NO_PIC = NO;
				GCC_NO_COMMON_BLOCKS = YES;
				GCC_OPTIMIZATION_LEVEL = 0;
				GCC_PREPROCESSOR_DEFINITIONS = (
					"DEBUG=1",
					"$(inherited)",
				);
				GCC_WARN_64_TO_32_BIT_CONVERSION = YES;
				GCC_WARN_ABOUT_RETURN_TYPE = YES_ERROR;
				GCC_WARN_UNDECLARED_SELECTOR = YES;
				GCC_WARN_UNINITIALIZED_AUTOS = YES_AGGRESSIVE;
				GCC_WARN_UNUSED_FUNCTION = YES;
				GCC_WARN_UNUSED_VARIABLE = YES;
				IPHONEOS_DEPLOYMENT_TARGET = 10.1;
				MTL_ENABLE_DEBUG_INFO = YES;
				ONLY_ACTIVE_ARCH = YES;
				SDKROOT = iphoneos;
				SWIFT_ACTIVE_COMPILATION_CONDITIONS = DEBUG;
				SWIFT_OPTIMIZATION_LEVEL = "-Onone";
			};
			name = Debug;
		};
		DC88BE301DEC2FCF0087D18E /* Release */ = {
			isa = XCBuildConfiguration;
			buildSettings = {
				ALWAYS_SEARCH_USER_PATHS = NO;
				CLANG_ANALYZER_NONNULL = YES;
				CLANG_CXX_LANGUAGE_STANDARD = "gnu++0x";
				CLANG_CXX_LIBRARY = "libc++";
				CLANG_ENABLE_MODULES = YES;
				CLANG_ENABLE_OBJC_ARC = YES;
				CLANG_WARN_BOOL_CONVERSION = YES;
				CLANG_WARN_CONSTANT_CONVERSION = YES;
				CLANG_WARN_DIRECT_OBJC_ISA_USAGE = YES_ERROR;
				CLANG_WARN_DOCUMENTATION_COMMENTS = YES;
				CLANG_WARN_EMPTY_BODY = YES;
				CLANG_WARN_ENUM_CONVERSION = YES;
				CLANG_WARN_INFINITE_RECURSION = YES;
				CLANG_WARN_INT_CONVERSION = YES;
				CLANG_WARN_OBJC_ROOT_CLASS = YES_ERROR;
				CLANG_WARN_SUSPICIOUS_MOVES = YES;
				CLANG_WARN_UNREACHABLE_CODE = YES;
				CLANG_WARN__DUPLICATE_METHOD_MATCH = YES;
				"CODE_SIGN_IDENTITY[sdk=iphoneos*]" = "iPhone Developer";
				COPY_PHASE_STRIP = NO;
				DEBUG_INFORMATION_FORMAT = "dwarf-with-dsym";
				ENABLE_NS_ASSERTIONS = NO;
				ENABLE_STRICT_OBJC_MSGSEND = YES;
				GCC_C_LANGUAGE_STANDARD = gnu99;
				GCC_NO_COMMON_BLOCKS = YES;
				GCC_WARN_64_TO_32_BIT_CONVERSION = YES;
				GCC_WARN_ABOUT_RETURN_TYPE = YES_ERROR;
				GCC_WARN_UNDECLARED_SELECTOR = YES;
				GCC_WARN_UNINITIALIZED_AUTOS = YES_AGGRESSIVE;
				GCC_WARN_UNUSED_FUNCTION = YES;
				GCC_WARN_UNUSED_VARIABLE = YES;
				IPHONEOS_DEPLOYMENT_TARGET = 10.1;
				MTL_ENABLE_DEBUG_INFO = NO;
				SDKROOT = iphoneos;
				SWIFT_OPTIMIZATION_LEVEL = "-Owholemodule";
				VALIDATE_PRODUCT = YES;
			};
			name = Release;
		};
		DC88BE321DEC2FCF0087D18E /* Debug */ = {
			isa = XCBuildConfiguration;
			buildSettings = {
				ASSETCATALOG_COMPILER_APPICON_NAME = AppIcon;
				DEVELOPMENT_TEAM = 25ZS53YZR8;
				INFOPLIST_FILE = Ball_Animed/Info.plist;
				LD_RUNPATH_SEARCH_PATHS = "$(inherited) @executable_path/Frameworks";
				PRODUCT_BUNDLE_IDENTIFIER = "doantuan.Ball-Animed";
				PRODUCT_NAME = "$(TARGET_NAME)";
				SWIFT_VERSION = 3.0;
			};
			name = Debug;
		};
		DC88BE331DEC2FCF0087D18E /* Release */ = {
			isa = XCBuildConfiguration;
			buildSettings = {
				ASSETCATALOG_COMPILER_APPICON_NAME = AppIcon;
				DEVELOPMENT_TEAM = 25ZS53YZR8;
				INFOPLIST_FILE = Ball_Animed/Info.plist;
				LD_RUNPATH_SEARCH_PATHS = "$(inherited) @executable_path/Frameworks";
				PRODUCT_BUNDLE_IDENTIFIER = "doantuan.Ball-Animed";
				PRODUCT_NAME = "$(TARGET_NAME)";
				SWIFT_VERSION = 3.0;
			};
			name = Release;
		};
/* End XCBuildConfiguration section */

/* Begin XCConfigurationList section */
		DC88BE1A1DEC2FCF0087D18E /* Build configuration list for PBXProject "Ball_Animed" */ = {
			isa = XCConfigurationList;
			buildConfigurations = (
				DC88BE2F1DEC2FCF0087D18E /* Debug */,
				DC88BE301DEC2FCF0087D18E /* Release */,
			);
			defaultConfigurationIsVisible = 0;
			defaultConfigurationName = Release;
		};
		DC88BE311DEC2FCF0087D18E /* Build configuration list for PBXNativeTarget "Ball_Animed" */ = {
			isa = XCConfigurationList;
			buildConfigurations = (
				DC88BE321DEC2FCF0087D18E /* Debug */,
				DC88BE331DEC2FCF0087D18E /* Release */,
			);
			defaultConfigurationIsVisible = 0;
		};
/* End XCConfigurationList section */
	};
	rootObject = DC88BE171DEC2FCF0087D18E /* Project object */;
}
